// !$*UTF8*$!
{
	archiveVersion = 1;
	classes = {
	};
	objectVersion = 46;
	objects = {

/* Begin PBXBuildFile section */
		168963051511C17D00C4A49B /* UIKit.framework in Frameworks */ = {isa = PBXBuildFile; fileRef = 168963041511C17D00C4A49B /* UIKit.framework */; settings = {ATTRIBUTES = (Weak, ); }; };
		1698E23C150FF96000341879 /* Foundation.framework in Frameworks */ = {isa = PBXBuildFile; fileRef = 1698E23B150FF96000341879 /* Foundation.framework */; };
		1698E242150FF96100341879 /* CrittercismUnityLibrary.m in Sources */ = {isa = PBXBuildFile; fileRef = 1698E241150FF96100341879 /* CrittercismUnityLibrary.m */; };
		1698E252150FF9F400341879 /* SystemConfiguration.framework in Frameworks */ = {isa = PBXBuildFile; fileRef = 1698E251150FF9F400341879 /* SystemConfiguration.framework */; };
		1698E294150FFA0900341879 /* CrittercismExtern.h in Headers */ = {isa = PBXBuildFile; fileRef = 1698E273150FFA0900341879 /* CrittercismExtern.h */; };
		1698E295150FFA0900341879 /* CrittercismUnity.h in Headers */ = {isa = PBXBuildFile; fileRef = 1698E274150FFA0900341879 /* CrittercismUnity.h */; };
		1698E296150FFA0900341879 /* CrittercismUnity.mm in Sources */ = {isa = PBXBuildFile; fileRef = 1698E275150FFA0900341879 /* CrittercismUnity.mm */; };
		2CED489F16FD346E003D24F5 /* CrittercismUnityLibrary-Prefix.pch in Headers */ = {isa = PBXBuildFile; fileRef = 2CED489E16FD346E003D24F5 /* CrittercismUnityLibrary-Prefix.pch */; };
		9F459E7618E3C7100049C5EF /* CrittercismException.h in Headers */ = {isa = PBXBuildFile; fileRef = 9F459E7418E3C7100049C5EF /* CrittercismException.h */; };
		9F459E7718E3C7100049C5EF /* CrittercismException.m in Sources */ = {isa = PBXBuildFile; fileRef = 9F459E7518E3C7100049C5EF /* CrittercismException.m */; };
/* End PBXBuildFile section */

/* Begin PBXFileReference section */
		168963041511C17D00C4A49B /* UIKit.framework */ = {isa = PBXFileReference; lastKnownFileType = wrapper.framework; name = UIKit.framework; path = System/Library/Frameworks/UIKit.framework; sourceTree = SDKROOT; };
		1698E238150FF96000341879 /* libCrittercismUnity.a */ = {isa = PBXFileReference; explicitFileType = archive.ar; includeInIndex = 0; path = libCrittercismUnity.a; sourceTree = BUILT_PRODUCTS_DIR; };
		1698E23B150FF96000341879 /* Foundation.framework */ = {isa = PBXFileReference; lastKnownFileType = wrapper.framework; name = Foundation.framework; path = System/Library/Frameworks/Foundation.framework; sourceTree = SDKROOT; };
		1698E240150FF96100341879 /* CrittercismUnityLibrary.h */ = {isa = PBXFileReference; lastKnownFileType = sourcecode.c.h; path = CrittercismUnityLibrary.h; sourceTree = "<group>"; };
		1698E241150FF96100341879 /* CrittercismUnityLibrary.m */ = {isa = PBXFileReference; lastKnownFileType = sourcecode.c.objc; path = CrittercismUnityLibrary.m; sourceTree = "<group>"; };
		1698E251150FF9F400341879 /* SystemConfiguration.framework */ = {isa = PBXFileReference; lastKnownFileType = wrapper.framework; name = SystemConfiguration.framework; path = System/Library/Frameworks/SystemConfiguration.framework; sourceTree = SDKROOT; };
		1698E273150FFA0900341879 /* CrittercismExtern.h */ = {isa = PBXFileReference; fileEncoding = 4; lastKnownFileType = sourcecode.c.h; path = CrittercismExtern.h; sourceTree = "<group>"; };
		1698E274150FFA0900341879 /* CrittercismUnity.h */ = {isa = PBXFileReference; fileEncoding = 4; lastKnownFileType = sourcecode.c.h; path = CrittercismUnity.h; sourceTree = "<group>"; };
		1698E275150FFA0900341879 /* CrittercismUnity.mm */ = {isa = PBXFileReference; fileEncoding = 4; lastKnownFileType = sourcecode.cpp.objcpp; path = CrittercismUnity.mm; sourceTree = "<group>"; };
		2CC157C4181F4C3D00A5CE4E /* CRFilter.h */ = {isa = PBXFileReference; lastKnownFileType = sourcecode.c.h; path = CRFilter.h; sourceTree = "<group>"; };
		2CC157C5181F4C3D00A5CE4E /* Crittercism.h */ = {isa = PBXFileReference; lastKnownFileType = sourcecode.c.h; path = Crittercism.h; sourceTree = "<group>"; };
		2CC157C6181F4C3D00A5CE4E /* CrittercismDelegate.h */ = {isa = PBXFileReference; lastKnownFileType = sourcecode.c.h; path = CrittercismDelegate.h; sourceTree = "<group>"; };
		2CC157C7181F4C3D00A5CE4E /* dsym_upload.sh */ = {isa = PBXFileReference; lastKnownFileType = text.script.sh; path = dsym_upload.sh; sourceTree = "<group>"; };
		2CC157C8181F4C3D00A5CE4E /* libCrittercism_v4_1_1.a */ = {isa = PBXFileReference; lastKnownFileType = archive.ar; path = libCrittercism_v4_1_1.a; sourceTree = "<group>"; };
		2CED489E16FD346E003D24F5 /* CrittercismUnityLibrary-Prefix.pch */ = {isa = PBXFileReference; fileEncoding = 4; lastKnownFileType = sourcecode.c.h; path = "CrittercismUnityLibrary-Prefix.pch"; sourceTree = "<group>"; };
		9F459E7418E3C7100049C5EF /* CrittercismException.h */ = {isa = PBXFileReference; fileEncoding = 4; lastKnownFileType = sourcecode.c.h; path = CrittercismException.h; sourceTree = "<group>"; };
		9F459E7518E3C7100049C5EF /* CrittercismException.m */ = {isa = PBXFileReference; fileEncoding = 4; lastKnownFileType = sourcecode.c.objc; path = CrittercismException.m; sourceTree = "<group>"; };
/* End PBXFileReference section */

/* Begin PBXFrameworksBuildPhase section */
		1698E235150FF96000341879 /* Frameworks */ = {
			isa = PBXFrameworksBuildPhase;
			buildActionMask = 2147483647;
			files = (
				1698E23C150FF96000341879 /* Foundation.framework in Frameworks */,
				1698E252150FF9F400341879 /* SystemConfiguration.framework in Frameworks */,
				168963051511C17D00C4A49B /* UIKit.framework in Frameworks */,
			);
			runOnlyForDeploymentPostprocessing = 0;
		};
/* End PBXFrameworksBuildPhase section */

/* Begin PBXGroup section */
		1698E22D150FF96000341879 = {
			isa = PBXGroup;
			children = (
				2CC157C3181F4C3D00A5CE4E /* CrittercismSDK */,
				1698E23D150FF96000341879 /* CrittercismUnityLibrary */,
				1698E23A150FF96000341879 /* Frameworks */,
			);
			sourceTree = "<group>";
		};
		1698E239150FF96000341879 /* Products */ = {
			isa = PBXGroup;
			children = (
				1698E238150FF96000341879 /* libCrittercismUnity.a */,
			);
			name = Products;
			sourceTree = "<group>";
		};
		1698E23A150FF96000341879 /* Frameworks */ = {
			isa = PBXGroup;
			children = (
				1698E239150FF96000341879 /* Products */,
				1698E251150FF9F400341879 /* SystemConfiguration.framework */,
				1698E23B150FF96000341879 /* Foundation.framework */,
				168963041511C17D00C4A49B /* UIKit.framework */,
			);
			name = Frameworks;
			sourceTree = "<group>";
		};
		1698E23D150FF96000341879 /* CrittercismUnityLibrary */ = {
			isa = PBXGroup;
			children = (
				1698E273150FFA0900341879 /* CrittercismExtern.h */,
				1698E274150FFA0900341879 /* CrittercismUnity.h */,
				1698E275150FFA0900341879 /* CrittercismUnity.mm */,
				1698E240150FF96100341879 /* CrittercismUnityLibrary.h */,
				1698E241150FF96100341879 /* CrittercismUnityLibrary.m */,
				9F459E7418E3C7100049C5EF /* CrittercismException.h */,
				9F459E7518E3C7100049C5EF /* CrittercismException.m */,
				1698E23E150FF96100341879 /* Supporting Files */,
			);
			path = CrittercismUnityLibrary;
			sourceTree = "<group>";
		};
		1698E23E150FF96100341879 /* Supporting Files */ = {
			isa = PBXGroup;
			children = (
				2CED489E16FD346E003D24F5 /* CrittercismUnityLibrary-Prefix.pch */,
			);
			name = "Supporting Files";
			sourceTree = "<group>";
		};
		2CC157C3181F4C3D00A5CE4E /* CrittercismSDK */ = {
			isa = PBXGroup;
			children = (
				2CC157C4181F4C3D00A5CE4E /* CRFilter.h */,
				2CC157C5181F4C3D00A5CE4E /* Crittercism.h */,
				2CC157C6181F4C3D00A5CE4E /* CrittercismDelegate.h */,
				2CC157C7181F4C3D00A5CE4E /* dsym_upload.sh */,
				2CC157C8181F4C3D00A5CE4E /* libCrittercism_v4_1_1.a */,
			);
			path = CrittercismSDK;
			sourceTree = "<group>";
		};
/* End PBXGroup section */

/* Begin PBXHeadersBuildPhase section */
		1698E236150FF96000341879 /* Headers */ = {
			isa = PBXHeadersBuildPhase;
			buildActionMask = 2147483647;
			files = (
				9F459E7618E3C7100049C5EF /* CrittercismException.h in Headers */,
				1698E294150FFA0900341879 /* CrittercismExtern.h in Headers */,
				1698E295150FFA0900341879 /* CrittercismUnity.h in Headers */,
				2CED489F16FD346E003D24F5 /* CrittercismUnityLibrary-Prefix.pch in Headers */,
			);
			runOnlyForDeploymentPostprocessing = 0;
		};
/* End PBXHeadersBuildPhase section */

/* Begin PBXNativeTarget section */
		1698E237150FF96000341879 /* CrittercismUnity */ = {
			isa = PBXNativeTarget;
			buildConfigurationList = 1698E245150FF96100341879 /* Build configuration list for PBXNativeTarget "CrittercismUnity" */;
			buildPhases = (
				1698E234150FF96000341879 /* Sources */,
				1698E235150FF96000341879 /* Frameworks */,
				1698E236150FF96000341879 /* Headers */,
				161A5B181517B1E300CB003B /* ShellScript */,
			);
			buildRules = (
			);
			dependencies = (
			);
			name = CrittercismUnity;
			productName = CrittercismUnityLibrary;
			productReference = 1698E238150FF96000341879 /* libCrittercismUnity.a */;
			productType = "com.apple.product-type.library.static";
		};
/* End PBXNativeTarget section */

/* Begin PBXProject section */
		1698E22F150FF96000341879 /* Project object */ = {
			isa = PBXProject;
			attributes = {
				LastUpgradeCheck = 0420;
			};
			buildConfigurationList = 1698E232150FF96000341879 /* Build configuration list for PBXProject "CrittercismUnityLibrary" */;
			compatibilityVersion = "Xcode 3.2";
			developmentRegion = English;
			hasScannedForEncodings = 0;
			knownRegions = (
				en,
			);
			mainGroup = 1698E22D150FF96000341879;
			productRefGroup = 1698E239150FF96000341879 /* Products */;
			projectDirPath = "";
			projectRoot = "";
			targets = (
				1698E237150FF96000341879 /* CrittercismUnity */,
			);
		};
/* End PBXProject section */

/* Begin PBXShellScriptBuildPhase section */
		161A5B181517B1E300CB003B /* ShellScript */ = {
			isa = PBXShellScriptBuildPhase;
			buildActionMask = 2147483647;
			files = (
			);
			inputPaths = (
			);
			outputPaths = (
			);
			runOnlyForDeploymentPostprocessing = 0;
			shellPath = /bin/sh;
			shellScript = "#if [ -f \"$PROJECT_DIR/../Assets/Plugins/ios/lib$PRODUCT_NAME.a/\" ]\n#then\n#cp -Rf \"$PROJECT_DIR/../Assets/Plugins/ios/lib$PRODUCT_NAME.a\"\n#fi\n#cp \"$TARGET_BUILD_DIR/lib$PRODUCT_NAME.a\" \"$PROJECT_DIR/../CrittercismTestApp/Assets/Plugins/ios/\"";
		};
/* End PBXShellScriptBuildPhase section */

/* Begin PBXSourcesBuildPhase section */
		1698E234150FF96000341879 /* Sources */ = {
			isa = PBXSourcesBuildPhase;
			buildActionMask = 2147483647;
			files = (
				9F459E7718E3C7100049C5EF /* CrittercismException.m in Sources */,
				1698E242150FF96100341879 /* CrittercismUnityLibrary.m in Sources */,
				1698E296150FFA0900341879 /* CrittercismUnity.mm in Sources */,
			);
			runOnlyForDeploymentPostprocessing = 0;
		};
/* End PBXSourcesBuildPhase section */

/* Begin XCBuildConfiguration section */
		1698E243150FF96100341879 /* Debug */ = {
			isa = XCBuildConfiguration;
			buildSettings = {
				ALWAYS_SEARCH_USER_PATHS = NO;
				ARCHS = "$(ARCHS_STANDARD_32_BIT)";
				CODE_SIGN_IDENTITY = "iPhone Distribution";
				COPY_PHASE_STRIP = NO;
				GCC_C_LANGUAGE_STANDARD = gnu99;
				GCC_DYNAMIC_NO_PIC = NO;
				GCC_OPTIMIZATION_LEVEL = 0;
				GCC_PREPROCESSOR_DEFINITIONS = (
					"DEBUG=1",
					"$(inherited)",
				);
				GCC_SYMBOLS_PRIVATE_EXTERN = NO;
				GCC_VERSION = com.apple.compilers.llvm.clang.1_0;
				GCC_WARN_ABOUT_MISSING_PROTOTYPES = YES;
				GCC_WARN_ABOUT_RETURN_TYPE = YES;
				GCC_WARN_UNUSED_VARIABLE = YES;
				IPHONEOS_DEPLOYMENT_TARGET = 5.0;
				OTHER_CODE_SIGN_FLAGS = "-all_load";
				PROVISIONING_PROFILE = "";
				SDKROOT = iphoneos;
				STRIP_INSTALLED_PRODUCT = NO;
			};
			name = Debug;
		};
		1698E244150FF96100341879 /* Release */ = {
			isa = XCBuildConfiguration;
			buildSettings = {
				ALWAYS_SEARCH_USER_PATHS = NO;
				ARCHS = "$(ARCHS_STANDARD_32_BIT)";
				CODE_SIGN_IDENTITY = "iPhone Distribution";
				COPY_PHASE_STRIP = NO;
				GCC_C_LANGUAGE_STANDARD = gnu99;
				GCC_VERSION = com.apple.compilers.llvm.clang.1_0;
				GCC_WARN_ABOUT_MISSING_PROTOTYPES = YES;
				GCC_WARN_ABOUT_RETURN_TYPE = YES;
				GCC_WARN_UNUSED_VARIABLE = YES;
				IPHONEOS_DEPLOYMENT_TARGET = 5.0;
				OTHER_CODE_SIGN_FLAGS = "-all_load";
				PROVISIONING_PROFILE = "";
				SDKROOT = iphoneos;
				STRIP_INSTALLED_PRODUCT = NO;
				VALIDATE_PRODUCT = YES;
			};
			name = Release;
		};
		1698E246150FF96100341879 /* Debug */ = {
			isa = XCBuildConfiguration;
			buildSettings = {
				CODE_SIGN_IDENTITY = "iPhone Distribution";
				DSTROOT = /tmp/CrittercismUnityLibrary.dst;
				GCC_PRECOMPILE_PREFIX_HEADER = YES;
				GCC_PREFIX_HEADER = "CrittercismUnityLibrary/CrittercismUnityLibrary-Prefix.pch";
				IPHONEOS_DEPLOYMENT_TARGET = 3.1;
				LIBRARY_SEARCH_PATHS = (
					"$(inherited)",
					"\"$(SRCROOT)/CrittercismUnityLibrary/CrittercismSDK-crashonly\"",
					"\"$(SRCROOT)/CrittercismUnityLibrary/CrittercismSDK-v2-crashonly\"",
					"\"$(SRCROOT)/CrittercismUnityLibrary/CrittercismSDK--v3-crashonly\"",
					"\"$(SRCROOT)/CrittercismUnityLibrary/CrittercismSDK-v3-crashonly\"",
					"\"$(SRCROOT)/CrittercismUnityLibrary\"",
				);
				MACH_O_TYPE = staticlib;
				OTHER_CODE_SIGN_FLAGS = "";
				OTHER_LDFLAGS = "";
				PRODUCT_NAME = "$(TARGET_NAME)";
				PROVISIONING_PROFILE = "";
				SKIP_INSTALL = YES;
			};
			name = Debug;
		};
		1698E247150FF96100341879 /* Release */ = {
			isa = XCBuildConfiguration;
			buildSettings = {
				CODE_SIGN_IDENTITY = "iPhone Distribution";
				DSTROOT = /tmp/CrittercismUnityLibrary.dst;
				GCC_PRECOMPILE_PREFIX_HEADER = YES;
				GCC_PREFIX_HEADER = "CrittercismUnityLibrary/CrittercismUnityLibrary-Prefix.pch";
				IPHONEOS_DEPLOYMENT_TARGET = 3.1;
				LIBRARY_SEARCH_PATHS = (
					"$(inherited)",
					"\"$(SRCROOT)/CrittercismUnityLibrary/CrittercismSDK-crashonly\"",
					"\"$(SRCROOT)/CrittercismUnityLibrary/CrittercismSDK-v2-crashonly\"",
					"\"$(SRCROOT)/CrittercismUnityLibrary/CrittercismSDK--v3-crashonly\"",
					"\"$(SRCROOT)/CrittercismUnityLibrary/CrittercismSDK-v3-crashonly\"",
					"\"$(SRCROOT)/CrittercismUnityLibrary\"",
				);
				MACH_O_TYPE = staticlib;
				OTHER_CODE_SIGN_FLAGS = "";
				OTHER_LDFLAGS = "";
				PRODUCT_NAME = "$(TARGET_NAME)";
				PROVISIONING_PROFILE = "";
				SKIP_INSTALL = YES;
			};
			name = Release;
		};
/* End XCBuildConfiguration section */

/* Begin XCConfigurationList section */
		1698E232150FF96000341879 /* Build configuration list for PBXProject "CrittercismUnityLibrary" */ = {
			isa = XCConfigurationList;
			buildConfigurations = (
				1698E243150FF96100341879 /* Debug */,
				1698E244150FF96100341879 /* Release */,
			);
			defaultConfigurationIsVisible = 0;
			defaultConfigurationName = Release;
		};
		1698E245150FF96100341879 /* Build configuration list for PBXNativeTarget "CrittercismUnity" */ = {
			isa = XCConfigurationList;
			buildConfigurations = (
				1698E246150FF96100341879 /* Debug */,
				1698E247150FF96100341879 /* Release */,
			);
			defaultConfigurationIsVisible = 0;
			defaultConfigurationName = Release;
		};
/* End XCConfigurationList section */
	};
	rootObject = 1698E22F150FF96000341879 /* Project object */;
}
